
Microsoft Visual Studio Solution File, Format Version 12.00
# Visual Studio Version 17
VisualStudioVersion = 17.0.32112.339
MinimumVisualStudioVersion = 10.0.40219.1
Project("{FAE04EC0-301F-11D3-BF4B-00C04F79EFBC}") = "DynamicXamlDemo.Android", "DynamicXamlDemo.Android\DynamicXamlDemo.Android.csproj", "{2C23BBAA-0145-4085-A36A-0187DE58540C}"
EndProject
Project("{FAE04EC0-301F-11D3-BF4B-00C04F79EFBC}") = "DynamicXamlDemo.iOS", "DynamicXamlDemo.iOS\DynamicXamlDemo.iOS.csproj", "{BD2A281C-ADAD-4B70-AB5F-6A0BF83E94BB}"
EndProject
Project("{FAE04EC0-301F-11D3-BF4B-00C04F79EFBC}") = "DynamicXamlDemo", "DynamicXamlDemo\DynamicXamlDemo.csproj", "{81A471C0-A8FF-42D7-AAB0-03170A8AEEB7}"
EndProject
Global
	GlobalSection(SolutionConfigurationPlatforms) = preSolution
		Debug|Any CPU = Debug|Any CPU
		Debug|ARM = Debug|ARM
		Debug|iPhone = Debug|iPhone
		Debug|iPhoneSimulator = Debug|iPhoneSimulator
		Debug|x64 = Debug|x64
		Debug|x86 = Debug|x86
		Release|Any CPU = Release|Any CPU
		Release|ARM = Release|ARM
		Release|iPhone = Release|iPhone
		Release|iPhoneSimulator = Release|iPhoneSimulator
		Release|x64 = Release|x64
		Release|x86 = Release|x86
	EndGlobalSection
	GlobalSection(ProjectConfigurationPlatforms) = postSolution
		{2C23BBAA-0145-4085-A36A-0187DE58540C}.Debug|Any CPU.ActiveCfg = Debug|Any CPU
		{2C23BBAA-0145-4085-A36A-0187DE58540C}.Debug|Any CPU.Build.0 = Debug|Any CPU
		{2C23BBAA-0145-4085-A36A-0187DE58540C}.Debug|Any CPU.Deploy.0 = Debug|Any CPU
		{2C23BBAA-0145-4085-A36A-0187DE58540C}.Debug|ARM.ActiveCfg = Debug|Any CPU
		{2C23BBAA-0145-4085-A36A-0187DE58540C}.Debug|ARM.Build.0 = Debug|Any CPU
		{2C23BBAA-0145-4085-A36A-0187DE58540C}.Debug|ARM.Deploy.0 = Debug|Any CPU
		{2C23BBAA-0145-4085-A36A-0187DE58540C}.Debug|iPhone.ActiveCfg = Debug|Any CPU
		{2C23BBAA-0145-4085-A36A-0187DE58540C}.Debug|iPhone.Build.0 = Debug|Any CPU
		{2C23BBAA-0145-4085-A36A-0187DE58540C}.Debug|iPhone.Deploy.0 = Debug|Any CPU
		{2C23BBAA-0145-4085-A36A-0187DE58540C}.Debug|iPhoneSimulator.ActiveCfg = Debug|Any CPU
		{2C23BBAA-0145-4085-A36A-0187DE58540C}.Debug|iPhoneSimulator.Build.0 = Debug|Any CPU
		{2C23BBAA-0145-4085-A36A-0187DE58540C}.Debug|iPhoneSimulator.Deploy.0 = Debug|Any CPU
		{2C23BBAA-0145-4085-A36A-0187DE58540C}.Debug|x64.ActiveCfg = Debug|Any CPU
		{2C23BBAA-0145-4085-A36A-0187DE58540C}.Debug|x64.Build.0 = Debug|Any CPU
		{2C23BBAA-0145-4085-A36A-0187DE58540C}.Debug|x64.Deploy.0 = Debug|Any CPU
		{2C23BBAA-0145-4085-A36A-0187DE58540C}.Debug|x86.ActiveCfg = Debug|Any CPU
		{2C23BBAA-0145-4085-A36A-0187DE58540C}.Debug|x86.Build.0 = Debug|Any CPU
		{2C23BBAA-0145-4085-A36A-0187DE58540C}.Debug|x86.Deploy.0 = Debug|Any CPU
		{2C23BBAA-0145-4085-A36A-0187DE58540C}.Release|Any CPU.ActiveCfg = Release|Any CPU
		{2C23BBAA-0145-4085-A36A-0187DE58540C}.Release|Any CPU.Build.0 = Release|Any CPU
		{2C23BBAA-0145-4085-A36A-0187DE58540C}.Release|Any CPU.Deploy.0 = Release|Any CPU
		{2C23BBAA-0145-4085-A36A-0187DE58540C}.Release|ARM.ActiveCfg = Release|Any CPU
		{2C23BBAA-0145-4085-A36A-0187DE58540C}.Release|ARM.Build.0 = Release|Any CPU
		{2C23BBAA-0145-4085-A36A-0187DE58540C}.Release|ARM.Deploy.0 = Release|Any CPU
		{2C23BBAA-0145-4085-A36A-0187DE58540C}.Release|iPhone.ActiveCfg = Release|Any CPU
		{2C23BBAA-0145-4085-A36A-0187DE58540C}.Release|iPhone.Build.0 = Release|Any CPU
		{2C23BBAA-0145-4085-A36A-0187DE58540C}.Release|iPhone.Deploy.0 = Release|Any CPU
		{2C23BBAA-0145-4085-A36A-0187DE58540C}.Release|iPhoneSimulator.ActiveCfg = Release|Any CPU
		{2C23BBAA-0145-4085-A36A-0187DE58540C}.Release|iPhoneSimulator.Build.0 = Release|Any CPU
		{2C23BBAA-0145-4085-A36A-0187DE58540C}.Release|iPhoneSimulator.Deploy.0 = Release|Any CPU
		{2C23BBAA-0145-4085-A36A-0187DE58540C}.Release|x64.ActiveCfg = Release|Any CPU
		{2C23BBAA-0145-4085-A36A-0187DE58540C}.Release|x64.Build.0 = Release|Any CPU
		{2C23BBAA-0145-4085-A36A-0187DE58540C}.Release|x64.Deploy.0 = Release|Any CPU
		{2C23BBAA-0145-4085-A36A-0187DE58540C}.Release|x86.ActiveCfg = Release|Any CPU
		{2C23BBAA-0145-4085-A36A-0187DE58540C}.Release|x86.Build.0 = Release|Any CPU
		{2C23BBAA-0145-4085-A36A-0187DE58540C}.Release|x86.Deploy.0 = Release|Any CPU
		{BD2A281C-ADAD-4B70-AB5F-6A0BF83E94BB}.Debug|Any CPU.ActiveCfg = Debug|iPhoneSimulator
		{BD2A281C-ADAD-4B70-AB5F-6A0BF83E94BB}.Debug|Any CPU.Build.0 = Debug|iPhoneSimulator
		{BD2A281C-ADAD-4B70-AB5F-6A0BF83E94BB}.Debug|Any CPU.Deploy.0 = Debug|iPhoneSimulator
		{BD2A281C-ADAD-4B70-AB5F-6A0BF83E94BB}.Debug|ARM.ActiveCfg = Debug|iPhoneSimulator
		{BD2A281C-ADAD-4B70-AB5F-6A0BF83E94BB}.Debug|ARM.Build.0 = Debug|iPhoneSimulator
		{BD2A281C-ADAD-4B70-AB5F-6A0BF83E94BB}.Debug|ARM.Deploy.0 = Debug|iPhoneSimulator
		{BD2A281C-ADAD-4B70-AB5F-6A0BF83E94BB}.Debug|iPhone.ActiveCfg = Debug|iPhone
		{BD2A281C-ADAD-4B70-AB5F-6A0BF83E94BB}.Debug|iPhone.Build.0 = Debug|iPhone
		{BD2A281C-ADAD-4B70-AB5F-6A0BF83E94BB}.Debug|iPhone.Deploy.0 = Debug|iPhone
		{BD2A281C-ADAD-4B70-AB5F-6A0BF83E94BB}.Debug|iPhoneSimulator.ActiveCfg = Debug|iPhoneSimulator
		{BD2A281C-ADAD-4B70-AB5F-6A0BF83E94BB}.Debug|iPhoneSimulator.Build.0 = Debug|iPhoneSimulator
		{BD2A281C-ADAD-4B70-AB5F-6A0BF83E94BB}.Debug|iPhoneSimulator.Deploy.0 = Debug|iPhoneSimulator
		{BD2A281C-ADAD-4B70-AB5F-6A0BF83E94BB}.Debug|x64.ActiveCfg = Debug|iPhone
		{BD2A281C-ADAD-4B70-AB5F-6A0BF83E94BB}.Debug|x64.Build.0 = Debug|iPhone
		{BD2A281C-ADAD-4B70-AB5F-6A0BF83E94BB}.Debug|x64.Deploy.0 = Debug|iPhone
		{BD2A281C-ADAD-4B70-AB5F-6A0BF83E94BB}.Debug|x86.ActiveCfg = Debug|iPhoneSimulator
		{BD2A281C-ADAD-4B70-AB5F-6A0BF83E94BB}.Debug|x86.Build.0 = Debug|iPhoneSimulator
		{BD2A281C-ADAD-4B70-AB5F-6A0BF83E94BB}.Debug|x86.Deploy.0 = Debug|iPhoneSimulator
		{BD2A281C-ADAD-4B70-AB5F-6A0BF83E94BB}.Release|Any CPU.ActiveCfg = Release|iPhoneSimulator
		{BD2A281C-ADAD-4B70-AB5F-6A0BF83E94BB}.Release|Any CPU.Build.0 = Release|iPhoneSimulator
		{BD2A281C-ADAD-4B70-AB5F-6A0BF83E94BB}.Release|Any CPU.Deploy.0 = Release|iPhoneSimulator
		{BD2A281C-ADAD-4B70-AB5F-6A0BF83E94BB}.Release|ARM.ActiveCfg = Release|iPhoneSimulator
		{BD2A281C-ADAD-4B70-AB5F-6A0BF83E94BB}.Release|ARM.Build.0 = Release|iPhoneSimulator
		{BD2A281C-ADAD-4B70-AB5F-6A0BF83E94BB}.Release|ARM.Deploy.0 = Release|iPhoneSimulator
		{BD2A281C-ADAD-4B70-AB5F-6A0BF83E94BB}.Release|iPhone.ActiveCfg = Release|iPhone
		{BD2A281C-ADAD-4B70-AB5F-6A0BF83E94BB}.Release|iPhone.Build.0 = Release|iPhone
		{BD2A281C-ADAD-4B70-AB5F-6A0BF83E94BB}.Release|iPhone.Deploy.0 = Release|iPhone
		{BD2A281C-ADAD-4B70-AB5F-6A0BF83E94BB}.Release|iPhoneSimulator.ActiveCfg = Release|iPhoneSimulator
		{BD2A281C-ADAD-4B70-AB5F-6A0BF83E94BB}.Release|iPhoneSimulator.Build.0 = Release|iPhoneSimulator
		{BD2A281C-ADAD-4B70-AB5F-6A0BF83E94BB}.Release|iPhoneSimulator.Deploy.0 = Release|iPhoneSimulator
		{BD2A281C-ADAD-4B70-AB5F-6A0BF83E94BB}.Release|x64.ActiveCfg = Release|iPhoneSimulator
		{BD2A281C-ADAD-4B70-AB5F-6A0BF83E94BB}.Release|x64.Build.0 = Release|iPhoneSimulator
		{BD2A281C-ADAD-4B70-AB5F-6A0BF83E94BB}.Release|x64.Deploy.0 = Release|iPhoneSimulator
		{BD2A281C-ADAD-4B70-AB5F-6A0BF83E94BB}.Release|x86.ActiveCfg = Release|iPhoneSimulator
		{BD2A281C-ADAD-4B70-AB5F-6A0BF83E94BB}.Release|x86.Build.0 = Release|iPhoneSimulator
		{BD2A281C-ADAD-4B70-AB5F-6A0BF83E94BB}.Release|x86.Deploy.0 = Release|iPhoneSimulator
		{81A471C0-A8FF-42D7-AAB0-03170A8AEEB7}.Debug|Any CPU.ActiveCfg = Debug|Any CPU
		{81A471C0-A8FF-42D7-AAB0-03170A8AEEB7}.Debug|Any CPU.Build.0 = Debug|Any CPU
		{81A471C0-A8FF-42D7-AAB0-03170A8AEEB7}.Debug|Any CPU.Deploy.0 = Debug|Any CPU
		{81A471C0-A8FF-42D7-AAB0-03170A8AEEB7}.Debug|ARM.ActiveCfg = Debug|Any CPU
		{81A471C0-A8FF-42D7-AAB0-03170A8AEEB7}.Debug|ARM.Build.0 = Debug|Any CPU
		{81A471C0-A8FF-42D7-AAB0-03170A8AEEB7}.Debug|ARM.Deploy.0 = Debug|Any CPU
		{81A471C0-A8FF-42D7-AAB0-03170A8AEEB7}.Debug|iPhone.ActiveCfg = Debug|Any CPU
		{81A471C0-A8FF-42D7-AAB0-03170A8AEEB7}.Debug|iPhone.Build.0 = Debug|Any CPU
		{81A471C0-A8FF-42D7-AAB0-03170A8AEEB7}.Debug|iPhone.Deploy.0 = Debug|Any CPU
		{81A471C0-A8FF-42D7-AAB0-03170A8AEEB7}.Debug|iPhoneSimulator.ActiveCfg = Debug|Any CPU
		{81A471C0-A8FF-42D7-AAB0-03170A8AEEB7}.Debug|iPhoneSimulator.Build.0 = Debug|Any CPU
		{81A471C0-A8FF-42D7-AAB0-03170A8AEEB7}.Debug|iPhoneSimulator.Deploy.0 = Debug|Any CPU
		{81A471C0-A8FF-42D7-AAB0-03170A8AEEB7}.Debug|x64.ActiveCfg = Debug|Any CPU
		{81A471C0-A8FF-42D7-AAB0-03170A8AEEB7}.Debug|x64.Build.0 = Debug|Any CPU
		{81A471C0-A8FF-42D7-AAB0-03170A8AEEB7}.Debug|x64.Deploy.0 = Debug|Any CPU
		{81A471C0-A8FF-42D7-AAB0-03170A8AEEB7}.Debug|x86.ActiveCfg = Debug|Any CPU
		{81A471C0-A8FF-42D7-AAB0-03170A8AEEB7}.Debug|x86.Build.0 = Debug|Any CPU
		{81A471C0-A8FF-42D7-AAB0-03170A8AEEB7}.Debug|x86.Deploy.0 = Debug|Any CPU
		{81A471C0-A8FF-42D7-AAB0-03170A8AEEB7}.Release|Any CPU.ActiveCfg = Release|Any CPU
		{81A471C0-A8FF-42D7-AAB0-03170A8AEEB7}.Release|Any CPU.Build.0 = Release|Any CPU
		{81A471C0-A8FF-42D7-AAB0-03170A8AEEB7}.Release|Any CPU.Deploy.0 = Release|Any CPU
		{81A471C0-A8FF-42D7-AAB0-03170A8AEEB7}.Release|ARM.ActiveCfg = Release|Any CPU
		{81A471C0-A8FF-42D7-AAB0-03170A8AEEB7}.Release|ARM.Build.0 = Release|Any CPU
		{81A471C0-A8FF-42D7-AAB0-03170A8AEEB7}.Release|ARM.Deploy.0 = Release|Any CPU
		{81A471C0-A8FF-42D7-AAB0-03170A8AEEB7}.Release|iPhone.ActiveCfg = Release|Any CPU
		{81A471C0-A8FF-42D7-AAB0-03170A8AEEB7}.Release|iPhone.Build.0 = Release|Any CPU
		{81A471C0-A8FF-42D7-AAB0-03170A8AEEB7}.Release|iPhone.Deploy.0 = Release|Any CPU
		{81A471C0-A8FF-42D7-AAB0-03170A8AEEB7}.Release|iPhoneSimulator.ActiveCfg = Release|Any CPU
		{81A471C0-A8FF-42D7-AAB0-03170A8AEEB7}.Release|iPhoneSimulator.Build.0 = Release|Any CPU
		{81A471C0-A8FF-42D7-AAB0-03170A8AEEB7}.Release|iPhoneSimulator.Deploy.0 = Release|Any CPU
		{81A471C0-A8FF-42D7-AAB0-03170A8AEEB7}.Release|x64.ActiveCfg = Release|Any CPU
		{81A471C0-A8FF-42D7-AAB0-03170A8AEEB7}.Release|x64.Build.0 = Release|Any CPU
		{81A471C0-A8FF-42D7-AAB0-03170A8AEEB7}.Release|x64.Deploy.0 = Release|Any CPU
		{81A471C0-A8FF-42D7-AAB0-03170A8AEEB7}.Release|x86.ActiveCfg = Release|Any CPU
		{81A471C0-A8FF-42D7-AAB0-03170A8AEEB7}.Release|x86.Build.0 = Release|Any CPU
		{81A471C0-A8FF-42D7-AAB0-03170A8AEEB7}.Release|x86.Deploy.0 = Release|Any CPU
	EndGlobalSection
	GlobalSection(SolutionProperties) = preSolution
		HideSolutionNode = FALSE
	EndGlobalSection
	GlobalSection(ExtensibilityGlobals) = postSolution
		SolutionGuid = {B4FD4521-73FB-4C83-A3F1-0DA077683CCA}
	EndGlobalSection
EndGlobal
